
Microsoft Visual Studio Solution File, Format Version 12.00
# Visual Studio Version 16
VisualStudioVersion = 16.0.32002.261
MinimumVisualStudioVersion = 10.0.40219.1
Project("{9A19103F-16F7-4668-BE54-9A1E7A4F7556}") = "Resource.Move", "Resource.Move.csproj", "{4BDF47D0-1303-4E52-9A13-A98906D1A729}"
EndProject
Project("{FAE04EC0-301F-11D3-BF4B-00C04F79EFBC}") = "Resource.Move.Unit.Tests", "..\Resource.Move.Unit.Tests\Resource.Move.Unit.Tests.csproj", "{02982E4B-3E0A-4B65-B2EE-18B7B91A5C06}"
EndProject
Global
	GlobalSection(SolutionConfigurationPlatforms) = preSolution
		Debug|Any CPU = Debug|Any CPU
		Release|Any CPU = Release|Any CPU
	EndGlobalSection
	GlobalSection(ProjectConfigurationPlatforms) = postSolution
		{4BDF47D0-1303-4E52-9A13-A98906D1A729}.Debug|Any CPU.ActiveCfg = Debug|Any CPU
		{4BDF47D0-1303-4E52-9A13-A98906D1A729}.Debug|Any CPU.Build.0 = Debug|Any CPU
		{4BDF47D0-1303-4E52-9A13-A98906D1A729}.Release|Any CPU.ActiveCfg = Release|Any CPU
		{4BDF47D0-1303-4E52-9A13-A98906D1A729}.Release|Any CPU.Build.0 = Release|Any CPU
		{02982E4B-3E0A-4B65-B2EE-18B7B91A5C06}.Debug|Any CPU.ActiveCfg = Debug|Any CPU
		{02982E4B-3E0A-4B65-B2EE-18B7B91A5C06}.Debug|Any CPU.Build.0 = Debug|Any CPU
		{02982E4B-3E0A-4B65-B2EE-18B7B91A5C06}.Release|Any CPU.ActiveCfg = Release|Any CPU
		{02982E4B-3E0A-4B65-B2EE-18B7B91A5C06}.Release|Any CPU.Build.0 = Release|Any CPU
	EndGlobalSection
	GlobalSection(SolutionProperties) = preSolution
		HideSolutionNode = FALSE
	EndGlobalSection
	GlobalSection(ExtensibilityGlobals) = postSolution
		SolutionGuid = {690CA57E-D282-45B4-8945-A57D2B580D9F}
	EndGlobalSection
EndGlobal
